github.com/McShelby/hugo-theme-relearn v0.0.0-20240605212028-6f24d34f4442 h1:1RtA0zdTRxvcsvcYMp4h4bGlJ3hCKN1AD8YCeb7FGik=
github.com/McShelby/hugo-theme-relearn v0.0.0-20240605212028-6f24d34f4442/go.mod h1:mKQQdxZNIlLvAj8X3tMq+RzntIJSr9z7XdzuMomt0IM=
github.com/gethugothemes/hugo-modules/accordion v0.0.0-20240423040330-6260da698660 h1:WnBXOsbUiwOdOdtyGrvvH6KKRnDUHNoz3WnzkFEZ9f8=
github.com/gethugothemes/hugo-modules/accordion v0.0.0-20240423040330-6260da698660/go.mod h1:D4DpauKPDcUHI9CVKYmJeO6bkSJIhUN864TyXZ2o0VI=
github.com/gethugothemes/hugo-modules/adsense v0.0.0-20240423040330-6260da698660 h1:IFPnlwJDz44yNTrr7UZLBcIh0tz5Gd4iUmjO0aTbQjA=
github.com/gethugothemes/hugo-modules/adsense v0.0.0-20240423040330-6260da698660/go.mod h1:8p/gG/cyyu20z4q5cFN/JGE5TOFA55Xsp+aIP9KCsqo=
github.com/gethugothemes/hugo-modules/components/announcement v0.0.0-20240423040330-6260da698660 h1:fbey79ebhnBVNUfSgT2AeWlI48+hmwRKoK/1Sw5kzMM=
github.com/gethugothemes/hugo-modules/components/announcement v0.0.0-20240423040330-6260da698660/go.mod h1:qgDXgzBHJynHCLitGWz9RrI5GSlp4exvdIcNu3bhG4c=
github.com/gethugothemes/hugo-modules/components/cookie-consent v0.0.0-20240423040330-6260da698660 h1:v2Frv0FtYP4y1uD1Vyjw8sa+HVHz3WWSwUhCj5bV3LQ=
github.com/gethugothemes/hugo-modules/components/cookie-consent v0.0.0-20240423040330-6260da698660/go.mod h1:511ERLpGe3ZTfV2z/NAtUSR5NqKF26h9z5lU/zYV4YQ=
github.com/gethugothemes/hugo-modules/components/custom-script v0.0.0-20240423040330-6260da698660 h1:9kxzx0Ms6Uh5ZBcnbrBF1gbqClCZmKAsTx5CAxuID+M=
github.com/gethugothemes/hugo-modules/components/custom-script v0.0.0-20240423040330-6260da698660/go.mod h1:RuDHq4WnK8sNEzAIJr4BZQ7oXhzcct/EKaAxc2Xvi9E=
github.com/gethugothemes/hugo-modules/components/preloader v0.0.0-20240423040330-6260da698660 h1:KExoZE3G+NLJ6hYdl1zf286BQaSacgiU+CPicoI0qaE=
github.com/gethugothemes/hugo-modules/components/preloader v0.0.0-20240423040330-6260da698660/go.mod h1:FP0iQ3tMOesuWFZhLst2KEvUEYPb5Jk1GW+QBP9lrwg=
github.com/gethugothemes/hugo-modules/components/render-link v0.0.0-20240423040330-6260da698660 h1:Me8H6NJki50i8elKz/lYRYD5XbywFWF3r1GhBdAMcO8=
github.com/gethugothemes/hugo-modules/components/render-link v0.0.0-20240423040330-6260da698660/go.mod h1:z3YcIeEBUonAoRDY1/Jv1ojNVkZ5ud35a0Nn8L4Inx0=
github.com/gethugothemes/hugo-modules/components/social-share v0.0.0-20240423040330-6260da698660 h1:yVn0yDjYUK7nwICKzewKRLq+oqSHMNLSFJMsOZ913GM=
github.com/gethugothemes/hugo-modules/components/social-share v0.0.0-20240423040330-6260da698660/go.mod h1:Gcj4RM/EBECsJMZnPeWjfy/1roRYGqzV9GYNmeHkvFA=
github.com/gethugothemes/hugo-modules/gallery-slider v0.0.0-20240423040330-6260da698660 h1:1zFrfBd3QQpHpi4v9B8x8FaQVg8Gzc6p5WKBbnnUre0=
github.com/gethugothemes/hugo-modules/gallery-slider v0.0.0-20240423040330-6260da698660/go.mod h1:MvQ2js/ofZ22CTX5wuvE+dC0rMe6C5HAWL2fEOu/yzE=
github.com/gethugothemes/hugo-modules/gzip-caching v0.0.0-20240423040330-6260da698660 h1:WiIx2H4CT38PnFRXAkZcsPrhfSs+GWRG8SXFVnm0B/4=
github.com/gethugothemes/hugo-modules/gzip-caching v0.0.0-20240423040330-6260da698660/go.mod h1:0ZMjTZVG4XLZU2/icc8Saqo4mmgMpfRTrUZU2Aa2Pwg=
github.com/gethugothemes/hugo-modules/icons/font-awesome v0.0.0-20240423040330-6260da698660 h1:ZEQY2fGIOHnIjJq5Qu2fC58jUlJ6GoQORDg5yvsf+rI=
github.com/gethugothemes/hugo-modules/icons/font-awesome v0.0.0-20240423040330-6260da698660/go.mod h1:d3gy1vQyfasPmGpau7HpQLrXbOv23PfXclSnjyOBxeU=
github.com/gethugothemes/hugo-modules/images v0.0.0-20240423040330-6260da698660 h1:c5POken2au2dgbhphYViR/1Exe0s9ERkCMgJZs4xuMI=
github.com/gethugothemes/hugo-modules/images v0.0.0-20240423040330-6260da698660/go.mod h1:FKliP3qOW9diIcQeLtyZ0Hdhg3PL8bdAkC/6O+XtU90=
github.com/gethugothemes/hugo-modules/modal v0.0.0-20240423040330-6260da698660 h1:ZlZrBKLBYyr+49jPgDeq14LB/u9wAirQ/avu5DCPO1k=
github.com/gethugothemes/hugo-modules/modal v0.0.0-20240423040330-6260da698660/go.mod h1:Eb9v7oV6biymfvjcBhQdvgn0gUGYhUtfCMeOBLFpFsk=
github.com/gethugothemes/hugo-modules/pwa v0.0.0-20240423040330-6260da698660 h1:Hrnib/L+seTPEg8nUzUIAzAcC6RuVRZxWO0fT2r6UT0=
github.com/gethugothemes/hugo-modules/pwa v0.0.0-20240423040330-6260da698660/go.mod h1:TRv7iszdfo37O1PbBEE+S8X/enAdpRIxK5DGrp13Qbo=
github.com/gethugothemes/hugo-modules/search v0.0.0-20240423040330-6260da698660 h1:OWGLz5Djm2EmW5xmD0rD8qB0+E2a0PSqIcdmlgrWk0U=
github.com/gethugothemes/hugo-modules/search v0.0.0-20240423040330-6260da698660/go.mod h1:tmDvLaZCM+QDvS/WLZXNjY1QTdWh7/68D2wIToECbyA=
github.com/gethugothemes/hugo-modules/seo-tools/basic-seo v0.0.0-20240423040330-6260da698660 h1:sgpQjpCW7KoO4GJ0E854v9AOeSa0J4muwIIHTN4q4UU=
github.com/gethugothemes/hugo-modules/seo-tools/basic-seo v0.0.0-20240423040330-6260da698660/go.mod h1:Q8dPgjamV7pxwKSQyWV21Xwh5CGi23/k+M8HPTphYbs=
github.com/gethugothemes/hugo-modules/seo-tools/google-tag-manager v0.0.0-20240423040330-6260da698660 h1:tnFvL4ECKuT5e+zX9wQFtaJ9NgFxed0ga8x0I37Hqvg=
github.com/gethugothemes/hugo-modules/seo-tools/google-tag-manager v0.0.0-20240423040330-6260da698660/go.mod h1:cCq50yd55eFTrpqOfeyOK5X0hU5E7qxsqOD7IzTsgLA=
github.com/gethugothemes/hugo-modules/seo-tools/site-verifications v0.0.0-20240423040330-6260da698660 h1:OrdtFDuL/hHUROgqePLyLj/dMYMbkinoBlBwazXxdD4=
github.com/gethugothemes/hugo-modules/seo-tools/site-verifications v0.0.0-20240423040330-6260da698660/go.mod h1:iXielaya126qJscz7Bc2G2WB91moloQOoWru6UoBUyE=
github.com/gethugothemes/hugo-modules/shortcodes/button v0.0.0-20240423040330-6260da698660 h1:750T9JRIrpX32wzHtMgLVYEiJ54a4lcDhgWAMglSLwE=
github.com/gethugothemes/hugo-modules/shortcodes/button v0.0.0-20240423040330-6260da698660/go.mod h1:MSvxGvjvcGUKTs6YMATU/9kYFrzW+VSVdy4CCOQLdsY=
github.com/gethugothemes/hugo-modules/shortcodes/notice v0.0.0-20240423040330-6260da698660 h1:0N8AT0HMhPrQqpEWYlsqmHwoIYrYtijZn087bNMDt1g=
github.com/gethugothemes/hugo-modules/shortcodes/notice v0.0.0-20240423040330-6260da698660/go.mod h1:ljWyMJx82WA+6SlKjbGFhEdxcriyvUTCjXkJHDa4lho=
github.com/gethugothemes/hugo-modules/tab v0.0.0-20240423040330-6260da698660 h1:ZHsB4gKmpk2YZc3MwtbvXF4VlR4I33yEtoQncXuLgoQ=
github.com/gethugothemes/hugo-modules/tab v0.0.0-20240423040330-6260da698660/go.mod h1:h3UxlxrFoU19JldxWLPBKaTZFe3AJtABrqo1wfxr+Ng=
github.com/gethugothemes/hugo-modules/table-of-contents v0.0.0-20240423040330-6260da698660 h1:BSa7zdSh7DZA60HKAVcgJKH/U8k/u5YRE+P0nApLc1E=
github.com/gethugothemes/hugo-modules/table-of-contents v0.0.0-20240423040330-6260da698660/go.mod h1:bEDw4veccQQQYEdVrfu13ATRUWfW8ptDIjJZuhYh4Tw=
github.com/gethugothemes/hugo-modules/videos v0.0.0-20240423040330-6260da698660 h1:lX74U/p2/3Nhe/HRH0A3BmpWYSafvkT/V3OeU+pfuKc=
github.com/gethugothemes/hugo-modules/videos v0.0.0-20240423040330-6260da698660/go.mod h1:P722lLWdnNhdZVq6gvMrOLqECUwrAYQWaOWlChta5H0=
github.com/zeon-studio/hugoplate v0.0.0-20240422031018-f1a3ce07e1d2 h1:rt5KYcy0Saup8+/HBQDrm8mFCGf1yo+tzLKTGAEEU58=
github.com/zeon-studio/hugoplate v0.0.0-20240422031018-f1a3ce07e1d2/go.mod h1:YlRIwdTWidquf1dhtx+mDfu0I3KVrVQB4wi4UmHlK3E=
